
Microsoft Visual Studio Solution File, Format Version 12.00
# Visual Studio Version 17
VisualStudioVersion = 17.1.32228.430
MinimumVisualStudioVersion = 10.0.40219.1
Project("{13B669BE-BB05-4DDF-9536-439F39A36129}") = "Altrade", "Altrade.phpproj", "{2FB1244A-A6E6-4090-9CC5-B0C3BC364765}"
EndProject
Global
	GlobalSection(SolutionConfigurationPlatforms) = preSolution
		Debug|Any CPU = Debug|Any CPU
		Release|Any CPU = Release|Any CPU
	EndGlobalSection
	GlobalSection(ProjectConfigurationPlatforms) = postSolution
		{2FB1244A-A6E6-4090-9CC5-B0C3BC364765}.Debug|Any CPU.ActiveCfg = Debug|Any CPU
		{2FB1244A-A6E6-4090-9CC5-B0C3BC364765}.Debug|Any CPU.Build.0 = Debug|Any CPU
		{2FB1244A-A6E6-4090-9CC5-B0C3BC364765}.Release|Any CPU.ActiveCfg = Release|Any CPU
		{2FB1244A-A6E6-4090-9CC5-B0C3BC364765}.Release|Any CPU.Build.0 = Release|Any CPU
	EndGlobalSection
	GlobalSection(SolutionProperties) = preSolution
		HideSolutionNode = FALSE
	EndGlobalSection
	GlobalSection(ExtensibilityGlobals) = postSolution
		SolutionGuid = {AF4B2958-776C-4659-BE09-EDBA928FA64A}
	EndGlobalSection
EndGlobal
